
Microsoft Visual Studio Solution File, Format Version 12.00
# Visual Studio Version 16
VisualStudioVersion = 16.0.35931.194
MinimumVisualStudioVersion = 10.0.40219.1
Project("{FAE04EC0-301F-11D3-BF4B-00C04F79EFBC}") = "WebApplication", "WebApplication\WebApplication.csproj", "{EFD9815B-9D27-4170-A743-9D3680734A2C}"
EndProject
Global
	GlobalSection(SolutionConfigurationPlatforms) = preSolution
		Debug|Any CPU = Debug|Any CPU
		Release|Any CPU = Release|Any CPU
	EndGlobalSection
	GlobalSection(ProjectConfigurationPlatforms) = postSolution
		{EFD9815B-9D27-4170-A743-9D3680734A2C}.Debug|Any CPU.ActiveCfg = Debug|Any CPU
		{EFD9815B-9D27-4170-A743-9D3680734A2C}.Debug|Any CPU.Build.0 = Debug|Any CPU
		{EFD9815B-9D27-4170-A743-9D3680734A2C}.Release|Any CPU.ActiveCfg = Release|Any CPU
		{EFD9815B-9D27-4170-A743-9D3680734A2C}.Release|Any CPU.Build.0 = Release|Any CPU
	EndGlobalSection
	GlobalSection(SolutionProperties) = preSolution
		HideSolutionNode = FALSE
	EndGlobalSection
	GlobalSection(ExtensibilityGlobals) = postSolution
		SolutionGuid = {34260E4F-A5F2-46C0-8AC4-EAF6D97D3959}
	EndGlobalSection
EndGlobal
