
Microsoft Visual Studio Solution File, Format Version 12.00
# Visual Studio Version 16
VisualStudioVersion = 16.0.35931.194
MinimumVisualStudioVersion = 10.0.40219.1
Project("{FAE04EC0-301F-11D3-BF4B-00C04F79EFBC}") = "ConstructorAssignment", "ConstructorAssignment\ConstructorAssignment.csproj", "{B912C497-F217-4D71-A916-925D8CA16C8F}"
EndProject
Global
	GlobalSection(SolutionConfigurationPlatforms) = preSolution
		Debug|Any CPU = Debug|Any CPU
		Release|Any CPU = Release|Any CPU
	EndGlobalSection
	GlobalSection(ProjectConfigurationPlatforms) = postSolution
		{B912C497-F217-4D71-A916-925D8CA16C8F}.Debug|Any CPU.ActiveCfg = Debug|Any CPU
		{B912C497-F217-4D71-A916-925D8CA16C8F}.Debug|Any CPU.Build.0 = Debug|Any CPU
		{B912C497-F217-4D71-A916-925D8CA16C8F}.Release|Any CPU.ActiveCfg = Release|Any CPU
		{B912C497-F217-4D71-A916-925D8CA16C8F}.Release|Any CPU.Build.0 = Release|Any CPU
	EndGlobalSection
	GlobalSection(SolutionProperties) = preSolution
		HideSolutionNode = FALSE
	EndGlobalSection
	GlobalSection(ExtensibilityGlobals) = postSolution
		SolutionGuid = {6634752D-EA51-4765-B6DD-9649413FA621}
	EndGlobalSection
EndGlobal
