
Microsoft Visual Studio Solution File, Format Version 12.00
# Visual Studio Version 16
VisualStudioVersion = 16.0.35931.194
MinimumVisualStudioVersion = 10.0.40219.1
Project("{FAE04EC0-301F-11D3-BF4B-00C04F79EFBC}") = "WebApplication1", "WebApplication1\WebApplication1.csproj", "{FE6D3D3F-2252-4030-943E-20FE39581FE3}"
EndProject
Global
	GlobalSection(SolutionConfigurationPlatforms) = preSolution
		Debug|Any CPU = Debug|Any CPU
		Release|Any CPU = Release|Any CPU
	EndGlobalSection
	GlobalSection(ProjectConfigurationPlatforms) = postSolution
		{FE6D3D3F-2252-4030-943E-20FE39581FE3}.Debug|Any CPU.ActiveCfg = Debug|Any CPU
		{FE6D3D3F-2252-4030-943E-20FE39581FE3}.Debug|Any CPU.Build.0 = Debug|Any CPU
		{FE6D3D3F-2252-4030-943E-20FE39581FE3}.Release|Any CPU.ActiveCfg = Release|Any CPU
		{FE6D3D3F-2252-4030-943E-20FE39581FE3}.Release|Any CPU.Build.0 = Release|Any CPU
	EndGlobalSection
	GlobalSection(SolutionProperties) = preSolution
		HideSolutionNode = FALSE
	EndGlobalSection
	GlobalSection(ExtensibilityGlobals) = postSolution
		SolutionGuid = {55FA6206-6D2D-4759-8C23-11898D1D22C1}
	EndGlobalSection
EndGlobal
