
Microsoft Visual Studio Solution File, Format Version 12.00
# Visual Studio Version 16
VisualStudioVersion = 16.0.35931.194
MinimumVisualStudioVersion = 10.0.40219.1
Project("{FAE04EC0-301F-11D3-BF4B-00C04F79EFBC}") = "ExceptionHandling", "ExceptionHandling\ExceptionHandling.csproj", "{299DAC4E-24FD-4F34-8845-CF96AB286D54}"
EndProject
Global
	GlobalSection(SolutionConfigurationPlatforms) = preSolution
		Debug|Any CPU = Debug|Any CPU
		Release|Any CPU = Release|Any CPU
	EndGlobalSection
	GlobalSection(ProjectConfigurationPlatforms) = postSolution
		{299DAC4E-24FD-4F34-8845-CF96AB286D54}.Debug|Any CPU.ActiveCfg = Debug|Any CPU
		{299DAC4E-24FD-4F34-8845-CF96AB286D54}.Debug|Any CPU.Build.0 = Debug|Any CPU
		{299DAC4E-24FD-4F34-8845-CF96AB286D54}.Release|Any CPU.ActiveCfg = Release|Any CPU
		{299DAC4E-24FD-4F34-8845-CF96AB286D54}.Release|Any CPU.Build.0 = Release|Any CPU
	EndGlobalSection
	GlobalSection(SolutionProperties) = preSolution
		HideSolutionNode = FALSE
	EndGlobalSection
	GlobalSection(ExtensibilityGlobals) = postSolution
		SolutionGuid = {354ED51D-6E8B-4CBD-A20A-05BFF3FB7C23}
	EndGlobalSection
EndGlobal
