
Microsoft Visual Studio Solution File, Format Version 12.00
# Visual Studio Version 16
VisualStudioVersion = 16.0.35931.194
MinimumVisualStudioVersion = 10.0.40219.1
Project("{FAE04EC0-301F-11D3-BF4B-00C04F79EFBC}") = "PolyMorphismAssignment", "PolyMorphismAssignment\PolyMorphismAssignment.csproj", "{C4AEE0F5-9EEB-4C7C-9748-1E7810735025}"
EndProject
Global
	GlobalSection(SolutionConfigurationPlatforms) = preSolution
		Debug|Any CPU = Debug|Any CPU
		Release|Any CPU = Release|Any CPU
	EndGlobalSection
	GlobalSection(ProjectConfigurationPlatforms) = postSolution
		{C4AEE0F5-9EEB-4C7C-9748-1E7810735025}.Debug|Any CPU.ActiveCfg = Debug|Any CPU
		{C4AEE0F5-9EEB-4C7C-9748-1E7810735025}.Debug|Any CPU.Build.0 = Debug|Any CPU
		{C4AEE0F5-9EEB-4C7C-9748-1E7810735025}.Release|Any CPU.ActiveCfg = Release|Any CPU
		{C4AEE0F5-9EEB-4C7C-9748-1E7810735025}.Release|Any CPU.Build.0 = Release|Any CPU
	EndGlobalSection
	GlobalSection(SolutionProperties) = preSolution
		HideSolutionNode = FALSE
	EndGlobalSection
	GlobalSection(ExtensibilityGlobals) = postSolution
		SolutionGuid = {9873F4C3-6B46-4CAB-AF24-5145222EA606}
	EndGlobalSection
EndGlobal
