
Microsoft Visual Studio Solution File, Format Version 12.00
# Visual Studio Version 16
VisualStudioVersion = 16.0.35931.194
MinimumVisualStudioVersion = 10.0.40219.1
Project("{FAE04EC0-301F-11D3-BF4B-00C04F79EFBC}") = "FinalAssignmentCodeFirst", "FinalAssignmentCodeFirst\FinalAssignmentCodeFirst.csproj", "{6E2EEB5B-06FB-4D93-BC8B-D9E36EAE6D7D}"
EndProject
Global
	GlobalSection(SolutionConfigurationPlatforms) = preSolution
		Debug|Any CPU = Debug|Any CPU
		Release|Any CPU = Release|Any CPU
	EndGlobalSection
	GlobalSection(ProjectConfigurationPlatforms) = postSolution
		{6E2EEB5B-06FB-4D93-BC8B-D9E36EAE6D7D}.Debug|Any CPU.ActiveCfg = Debug|Any CPU
		{6E2EEB5B-06FB-4D93-BC8B-D9E36EAE6D7D}.Debug|Any CPU.Build.0 = Debug|Any CPU
		{6E2EEB5B-06FB-4D93-BC8B-D9E36EAE6D7D}.Release|Any CPU.ActiveCfg = Release|Any CPU
		{6E2EEB5B-06FB-4D93-BC8B-D9E36EAE6D7D}.Release|Any CPU.Build.0 = Release|Any CPU
	EndGlobalSection
	GlobalSection(SolutionProperties) = preSolution
		HideSolutionNode = FALSE
	EndGlobalSection
	GlobalSection(ExtensibilityGlobals) = postSolution
		SolutionGuid = {F89FEB1C-1693-47F4-9FDB-7741E78A79F5}
	EndGlobalSection
EndGlobal
