
Microsoft Visual Studio Solution File, Format Version 12.00
# Visual Studio Version 16
VisualStudioVersion = 16.0.35931.194
MinimumVisualStudioVersion = 10.0.40219.1
Project("{FAE04EC0-301F-11D3-BF4B-00C04F79EFBC}") = "Paramater Assignment", "Paramater Assignment\Paramater Assignment.csproj", "{CCDF67F9-C66E-47E8-902E-38F31F536CC9}"
EndProject
Global
	GlobalSection(SolutionConfigurationPlatforms) = preSolution
		Debug|Any CPU = Debug|Any CPU
		Release|Any CPU = Release|Any CPU
	EndGlobalSection
	GlobalSection(ProjectConfigurationPlatforms) = postSolution
		{CCDF67F9-C66E-47E8-902E-38F31F536CC9}.Debug|Any CPU.ActiveCfg = Debug|Any CPU
		{CCDF67F9-C66E-47E8-902E-38F31F536CC9}.Debug|Any CPU.Build.0 = Debug|Any CPU
		{CCDF67F9-C66E-47E8-902E-38F31F536CC9}.Release|Any CPU.ActiveCfg = Release|Any CPU
		{CCDF67F9-C66E-47E8-902E-38F31F536CC9}.Release|Any CPU.Build.0 = Release|Any CPU
	EndGlobalSection
	GlobalSection(SolutionProperties) = preSolution
		HideSolutionNode = FALSE
	EndGlobalSection
	GlobalSection(ExtensibilityGlobals) = postSolution
		SolutionGuid = {54A753B1-D80C-4200-A97C-B721E85A3DFB}
	EndGlobalSection
EndGlobal
