
Microsoft Visual Studio Solution File, Format Version 12.00
# Visual Studio Version 16
VisualStudioVersion = 16.0.35931.194
MinimumVisualStudioVersion = 10.0.40219.1
Project("{FAE04EC0-301F-11D3-BF4B-00C04F79EFBC}") = "Try_CatchAssignment", "Try_CatchAssignment\Try_CatchAssignment.csproj", "{70BE9E5F-7F6D-4199-AD92-B62DCA524FCD}"
EndProject
Global
	GlobalSection(SolutionConfigurationPlatforms) = preSolution
		Debug|Any CPU = Debug|Any CPU
		Release|Any CPU = Release|Any CPU
	EndGlobalSection
	GlobalSection(ProjectConfigurationPlatforms) = postSolution
		{70BE9E5F-7F6D-4199-AD92-B62DCA524FCD}.Debug|Any CPU.ActiveCfg = Debug|Any CPU
		{70BE9E5F-7F6D-4199-AD92-B62DCA524FCD}.Debug|Any CPU.Build.0 = Debug|Any CPU
		{70BE9E5F-7F6D-4199-AD92-B62DCA524FCD}.Release|Any CPU.ActiveCfg = Release|Any CPU
		{70BE9E5F-7F6D-4199-AD92-B62DCA524FCD}.Release|Any CPU.Build.0 = Release|Any CPU
	EndGlobalSection
	GlobalSection(SolutionProperties) = preSolution
		HideSolutionNode = FALSE
	EndGlobalSection
	GlobalSection(ExtensibilityGlobals) = postSolution
		SolutionGuid = {940EA5E7-71F6-4513-B245-C02C91A0B72D}
	EndGlobalSection
EndGlobal
